
Microsoft Visual Studio Solution File, Format Version 12.00
# Visual Studio Version 17
VisualStudioVersion = 17.1.32414.318
MinimumVisualStudioVersion = 10.0.40219.1
Project("{2150E333-8FDC-42A3-9474-1A3956D46DE8}") = "src", "src", "{14C982D8-C1ED-4318-AB3F-23D67773C5BE}"
EndProject
Project("{2150E333-8FDC-42A3-9474-1A3956D46DE8}") = "Api", "Api", "{D37804F7-9EE9-4B13-8AAB-76455C128D6F}"
EndProject
Project("{2150E333-8FDC-42A3-9474-1A3956D46DE8}") = "Clients", "Clients", "{7A9DB266-05AC-4CEE-BC1A-49545649D118}"
EndProject
Project("{2150E333-8FDC-42A3-9474-1A3956D46DE8}") = "Common", "Common", "{D15FD4B1-5B22-4707-9A50-3F01CAE27D27}"
EndProject
Project("{2150E333-8FDC-42A3-9474-1A3956D46DE8}") = "Projections", "Projections", "{2F817936-7288-49B5-879A-B1BC4FCD6248}"
EndProject
Project("{2150E333-8FDC-42A3-9474-1A3956D46DE8}") = "BlazorWeb", "BlazorWeb", "{C93AB3B0-C41F-4B12-A09B-0D616D741BA1}"
EndProject
Project("{FAE04EC0-301F-11D3-BF4B-00C04F79EFBC}") = "BlazorProject.Common", "src\Common\BlazorProject.Common\BlazorProject.Common.csproj", "{D4FBF15E-F110-43CD-8B1C-A4EB5E4F3E18}"
EndProject
Project("{2150E333-8FDC-42A3-9474-1A3956D46DE8}") = "Core", "Core", "{A043006B-7D91-45D4-A4BB-871823F66110}"
EndProject
Project("{2150E333-8FDC-42A3-9474-1A3956D46DE8}") = "Infrastructure", "Infrastructure", "{70D1BFD3-F20D-4EBD-8576-D9AEAF819E8F}"
EndProject
Project("{2150E333-8FDC-42A3-9474-1A3956D46DE8}") = "WebApi", "WebApi", "{14DF70FA-BF35-47EE-A813-0C759E8E86FA}"
EndProject
Project("{FAE04EC0-301F-11D3-BF4B-00C04F79EFBC}") = "BlazorProject.Api.Domain", "src\Api\Core\BlazorProject.Api.Domain\BlazorProject.Api.Domain.csproj", "{22E824DC-07EF-4A85-A695-FB8B09E4BFEE}"
EndProject
Project("{FAE04EC0-301F-11D3-BF4B-00C04F79EFBC}") = "BlazorProject.Api.Application", "src\Api\Core\BlazorProject.Api.Application\BlazorProject.Api.Application.csproj", "{B80389AB-6FA3-4F33-BA5C-53522AB64023}"
EndProject
Project("{FAE04EC0-301F-11D3-BF4B-00C04F79EFBC}") = "BlazorProject.Api.WebApi", "src\Api\WebApi\BlazorProject.Api.WebApi\BlazorProject.Api.WebApi.csproj", "{0AB095D2-F48F-4A4F-BDAD-0C4D6E461EF5}"
EndProject
Project("{FAE04EC0-301F-11D3-BF4B-00C04F79EFBC}") = "BlazorProject.Infrastructure.Persistance", "src\Api\Infrastructure\BlazorProject.Infrastructure.Persistance\BlazorProject.Infrastructure.Persistance.csproj", "{8306B236-9700-485E-B3F1-FBC277CAFB81}"
EndProject
Project("{FAE04EC0-301F-11D3-BF4B-00C04F79EFBC}") = "BlazorProject.Projections.FavoriteService", "src\Projections\BlazorProject.Projections.FavoriteService\BlazorProject.Projections.FavoriteService.csproj", "{F9FC81BD-6764-405E-B9F7-C36F726278FF}"
EndProject
Project("{FAE04EC0-301F-11D3-BF4B-00C04F79EFBC}") = "BlazorProject.Projections.VoteService", "src\Projections\BlazorProject.Projections.VoteService\BlazorProject.Projections.VoteService.csproj", "{93621590-497A-4A76-8FE2-B37046CE20C5}"
EndProject
Project("{FAE04EC0-301F-11D3-BF4B-00C04F79EFBC}") = "BlazorProject.Projections.UserService", "src\Projections\BlazorProject.Projections.UserService\BlazorProject.Projections.UserService.csproj", "{B8AAF259-727E-4C27-A17A-0FC02E9801FE}"
EndProject
Project("{FAE04EC0-301F-11D3-BF4B-00C04F79EFBC}") = "BlazorProject.WebApp", "src\Clients\BlazorWeb\BlazorProject.WebApp\BlazorProject.WebApp.csproj", "{EACDD186-32C6-4196-B000-5ADAB2E6F700}"
EndProject
Global
	GlobalSection(SolutionConfigurationPlatforms) = preSolution
		Debug|Any CPU = Debug|Any CPU
		Release|Any CPU = Release|Any CPU
	EndGlobalSection
	GlobalSection(ProjectConfigurationPlatforms) = postSolution
		{D4FBF15E-F110-43CD-8B1C-A4EB5E4F3E18}.Debug|Any CPU.ActiveCfg = Debug|Any CPU
		{D4FBF15E-F110-43CD-8B1C-A4EB5E4F3E18}.Debug|Any CPU.Build.0 = Debug|Any CPU
		{D4FBF15E-F110-43CD-8B1C-A4EB5E4F3E18}.Release|Any CPU.ActiveCfg = Release|Any CPU
		{D4FBF15E-F110-43CD-8B1C-A4EB5E4F3E18}.Release|Any CPU.Build.0 = Release|Any CPU
		{22E824DC-07EF-4A85-A695-FB8B09E4BFEE}.Debug|Any CPU.ActiveCfg = Debug|Any CPU
		{22E824DC-07EF-4A85-A695-FB8B09E4BFEE}.Debug|Any CPU.Build.0 = Debug|Any CPU
		{22E824DC-07EF-4A85-A695-FB8B09E4BFEE}.Release|Any CPU.ActiveCfg = Release|Any CPU
		{22E824DC-07EF-4A85-A695-FB8B09E4BFEE}.Release|Any CPU.Build.0 = Release|Any CPU
		{B80389AB-6FA3-4F33-BA5C-53522AB64023}.Debug|Any CPU.ActiveCfg = Debug|Any CPU
		{B80389AB-6FA3-4F33-BA5C-53522AB64023}.Debug|Any CPU.Build.0 = Debug|Any CPU
		{B80389AB-6FA3-4F33-BA5C-53522AB64023}.Release|Any CPU.ActiveCfg = Release|Any CPU
		{B80389AB-6FA3-4F33-BA5C-53522AB64023}.Release|Any CPU.Build.0 = Release|Any CPU
		{0AB095D2-F48F-4A4F-BDAD-0C4D6E461EF5}.Debug|Any CPU.ActiveCfg = Debug|Any CPU
		{0AB095D2-F48F-4A4F-BDAD-0C4D6E461EF5}.Debug|Any CPU.Build.0 = Debug|Any CPU
		{0AB095D2-F48F-4A4F-BDAD-0C4D6E461EF5}.Release|Any CPU.ActiveCfg = Release|Any CPU
		{0AB095D2-F48F-4A4F-BDAD-0C4D6E461EF5}.Release|Any CPU.Build.0 = Release|Any CPU
		{8306B236-9700-485E-B3F1-FBC277CAFB81}.Debug|Any CPU.ActiveCfg = Debug|Any CPU
		{8306B236-9700-485E-B3F1-FBC277CAFB81}.Debug|Any CPU.Build.0 = Debug|Any CPU
		{8306B236-9700-485E-B3F1-FBC277CAFB81}.Release|Any CPU.ActiveCfg = Release|Any CPU
		{8306B236-9700-485E-B3F1-FBC277CAFB81}.Release|Any CPU.Build.0 = Release|Any CPU
		{F9FC81BD-6764-405E-B9F7-C36F726278FF}.Debug|Any CPU.ActiveCfg = Debug|Any CPU
		{F9FC81BD-6764-405E-B9F7-C36F726278FF}.Debug|Any CPU.Build.0 = Debug|Any CPU
		{F9FC81BD-6764-405E-B9F7-C36F726278FF}.Release|Any CPU.ActiveCfg = Release|Any CPU
		{F9FC81BD-6764-405E-B9F7-C36F726278FF}.Release|Any CPU.Build.0 = Release|Any CPU
		{93621590-497A-4A76-8FE2-B37046CE20C5}.Debug|Any CPU.ActiveCfg = Debug|Any CPU
		{93621590-497A-4A76-8FE2-B37046CE20C5}.Debug|Any CPU.Build.0 = Debug|Any CPU
		{93621590-497A-4A76-8FE2-B37046CE20C5}.Release|Any CPU.ActiveCfg = Release|Any CPU
		{93621590-497A-4A76-8FE2-B37046CE20C5}.Release|Any CPU.Build.0 = Release|Any CPU
		{B8AAF259-727E-4C27-A17A-0FC02E9801FE}.Debug|Any CPU.ActiveCfg = Debug|Any CPU
		{B8AAF259-727E-4C27-A17A-0FC02E9801FE}.Debug|Any CPU.Build.0 = Debug|Any CPU
		{B8AAF259-727E-4C27-A17A-0FC02E9801FE}.Release|Any CPU.ActiveCfg = Release|Any CPU
		{B8AAF259-727E-4C27-A17A-0FC02E9801FE}.Release|Any CPU.Build.0 = Release|Any CPU
		{EACDD186-32C6-4196-B000-5ADAB2E6F700}.Debug|Any CPU.ActiveCfg = Debug|Any CPU
		{EACDD186-32C6-4196-B000-5ADAB2E6F700}.Debug|Any CPU.Build.0 = Debug|Any CPU
		{EACDD186-32C6-4196-B000-5ADAB2E6F700}.Release|Any CPU.ActiveCfg = Release|Any CPU
		{EACDD186-32C6-4196-B000-5ADAB2E6F700}.Release|Any CPU.Build.0 = Release|Any CPU
	EndGlobalSection
	GlobalSection(SolutionProperties) = preSolution
		HideSolutionNode = FALSE
	EndGlobalSection
	GlobalSection(NestedProjects) = preSolution
		{D37804F7-9EE9-4B13-8AAB-76455C128D6F} = {14C982D8-C1ED-4318-AB3F-23D67773C5BE}
		{7A9DB266-05AC-4CEE-BC1A-49545649D118} = {14C982D8-C1ED-4318-AB3F-23D67773C5BE}
		{D15FD4B1-5B22-4707-9A50-3F01CAE27D27} = {14C982D8-C1ED-4318-AB3F-23D67773C5BE}
		{2F817936-7288-49B5-879A-B1BC4FCD6248} = {14C982D8-C1ED-4318-AB3F-23D67773C5BE}
		{C93AB3B0-C41F-4B12-A09B-0D616D741BA1} = {7A9DB266-05AC-4CEE-BC1A-49545649D118}
		{D4FBF15E-F110-43CD-8B1C-A4EB5E4F3E18} = {D15FD4B1-5B22-4707-9A50-3F01CAE27D27}
		{A043006B-7D91-45D4-A4BB-871823F66110} = {D37804F7-9EE9-4B13-8AAB-76455C128D6F}
		{70D1BFD3-F20D-4EBD-8576-D9AEAF819E8F} = {D37804F7-9EE9-4B13-8AAB-76455C128D6F}
		{14DF70FA-BF35-47EE-A813-0C759E8E86FA} = {D37804F7-9EE9-4B13-8AAB-76455C128D6F}
		{22E824DC-07EF-4A85-A695-FB8B09E4BFEE} = {A043006B-7D91-45D4-A4BB-871823F66110}
		{B80389AB-6FA3-4F33-BA5C-53522AB64023} = {A043006B-7D91-45D4-A4BB-871823F66110}
		{0AB095D2-F48F-4A4F-BDAD-0C4D6E461EF5} = {14DF70FA-BF35-47EE-A813-0C759E8E86FA}
		{8306B236-9700-485E-B3F1-FBC277CAFB81} = {70D1BFD3-F20D-4EBD-8576-D9AEAF819E8F}
		{F9FC81BD-6764-405E-B9F7-C36F726278FF} = {2F817936-7288-49B5-879A-B1BC4FCD6248}
		{93621590-497A-4A76-8FE2-B37046CE20C5} = {2F817936-7288-49B5-879A-B1BC4FCD6248}
		{B8AAF259-727E-4C27-A17A-0FC02E9801FE} = {2F817936-7288-49B5-879A-B1BC4FCD6248}
		{EACDD186-32C6-4196-B000-5ADAB2E6F700} = {C93AB3B0-C41F-4B12-A09B-0D616D741BA1}
	EndGlobalSection
	GlobalSection(ExtensibilityGlobals) = postSolution
		SolutionGuid = {93D09429-5AB3-48DA-B7B7-F8465DB16EE1}
	EndGlobalSection
EndGlobal
